// !$*UTF8*$!
{
	archiveVersion = 1;
	classes = {
	};
	objectVersion = 50;
	objects = {

/* Begin PBXBuildFile section */
		91165E7D2156680D00546246 /* Question.swift in Sources */ = {isa = PBXBuildFile; fileRef = 91165E7B2156680D00546246 /* Question.swift */; };
		91165E7E2156680D00546246 /* Answer.swift in Sources */ = {isa = PBXBuildFile; fileRef = 91165E7C2156680D00546246 /* Answer.swift */; };
		9120490022538551004A5E69 /* MonorailTimeMachineTests.swift in Sources */ = {isa = PBXBuildFile; fileRef = 912048FF22538551004A5E69 /* MonorailTimeMachineTests.swift */; };
		912278982261A814008C53C7 /* NSDate+TimeMachine.m in Sources */ = {isa = PBXBuildFile; fileRef = 912278962261A814008C53C7 /* NSDate+TimeMachine.m */; };
		912278992261A814008C53C7 /* NSDate+TimeMachine.h in Headers */ = {isa = PBXBuildFile; fileRef = 912278972261A814008C53C7 /* NSDate+TimeMachine.h */; settings = {ATTRIBUTES = (Public, ); }; };
		91233C3C218B1E7700CBBFD9 /* ExampleConsumer.swift in Sources */ = {isa = PBXBuildFile; fileRef = 91233C3B218B1E7700CBBFD9 /* ExampleConsumer.swift */; };
		91263CA9218481A7007935A8 /* User.swift in Sources */ = {isa = PBXBuildFile; fileRef = 91263CA8218481A7007935A8 /* User.swift */; };
		91263CB921856705007935A8 /* StackOverflowApi.swift in Sources */ = {isa = PBXBuildFile; fileRef = 91263CB821856705007935A8 /* StackOverflowApi.swift */; };
		91263CBB2185D66D007935A8 /* AppConfigTests.swift in Sources */ = {isa = PBXBuildFile; fileRef = 91263CBA2185D66D007935A8 /* AppConfigTests.swift */; };
		91263CBD2189C9C5007935A8 /* MyFavoritesTableViewController.swift in Sources */ = {isa = PBXBuildFile; fileRef = 91263CBC2189C9C5007935A8 /* MyFavoritesTableViewController.swift */; };
		913193802158ADD900958083 /* TinyNetworking.swift in Sources */ = {isa = PBXBuildFile; fileRef = 9131937E2158ADD900958083 /* TinyNetworking.swift */; };
		913193812158ADD900958083 /* Result.swift in Sources */ = {isa = PBXBuildFile; fileRef = 9131937F2158ADD900958083 /* Result.swift */; };
		913E98D621B382B6006569E2 /* MockUITest.swift in Sources */ = {isa = PBXBuildFile; fileRef = 913E98D521B382B6006569E2 /* MockUITest.swift */; };
		913E98D721B382C7006569E2 /* Springboard.swift in Sources */ = {isa = PBXBuildFile; fileRef = 91840B3421B15DDF0016B7B4 /* Springboard.swift */; };
		913E98D921B382C7006569E2 /* AppConfiguration.swift in Sources */ = {isa = PBXBuildFile; fileRef = 91840B2D21B158330016B7B4 /* AppConfiguration.swift */; };
		913E98DA21B382C7006569E2 /* UITestBase.swift in Sources */ = {isa = PBXBuildFile; fileRef = 91840B2E21B158330016B7B4 /* UITestBase.swift */; };
		913E98DB21B382F3006569E2 /* MonorailSwiftUITests.swift in Sources */ = {isa = PBXBuildFile; fileRef = 91C4C9FB2156632B001F6B7C /* MonorailSwiftUITests.swift */; };
		913E98DE21B383FF006569E2 /* AppConfiguration.swift in Sources */ = {isa = PBXBuildFile; fileRef = 91840B2D21B158330016B7B4 /* AppConfiguration.swift */; };
		913E98E021B39367006569E2 /* ShowTime.swift in Sources */ = {isa = PBXBuildFile; fileRef = 913E98DF21B39367006569E2 /* ShowTime.swift */; };
		913E98E921B39ED5006569E2 /* LoggerTests.swift in Sources */ = {isa = PBXBuildFile; fileRef = 913E98E821B39ED5006569E2 /* LoggerTests.swift */; };
		913E98EB21B39F5E006569E2 /* ReaderTests.swift in Sources */ = {isa = PBXBuildFile; fileRef = 913E98EA21B39F5E006569E2 /* ReaderTests.swift */; };
		91840B2F21B158330016B7B4 /* IntegrationUITest.swift in Sources */ = {isa = PBXBuildFile; fileRef = 91840B2C21B158330016B7B4 /* IntegrationUITest.swift */; };
		91840B3021B158330016B7B4 /* AppConfiguration.swift in Sources */ = {isa = PBXBuildFile; fileRef = 91840B2D21B158330016B7B4 /* AppConfiguration.swift */; };
		91840B3121B158330016B7B4 /* UITestBase.swift in Sources */ = {isa = PBXBuildFile; fileRef = 91840B2E21B158330016B7B4 /* UITestBase.swift */; };
		91840B3521B15DDF0016B7B4 /* Springboard.swift in Sources */ = {isa = PBXBuildFile; fileRef = 91840B3421B15DDF0016B7B4 /* Springboard.swift */; };
		9185F3F72261CC7D0080D5A9 /* MonorailSwift-Bridging-Header.h in Headers */ = {isa = PBXBuildFile; fileRef = 9185F3F62261CC7D0080D5A9 /* MonorailSwift-Bridging-Header.h */; };
		9185F3F9226CB1ED0080D5A9 /* TinyNetworking.swift in Sources */ = {isa = PBXBuildFile; fileRef = 9131937E2158ADD900958083 /* TinyNetworking.swift */; };
		9185F3FA226CB2360080D5A9 /* StackOverflowResponse.swift in Sources */ = {isa = PBXBuildFile; fileRef = 91E5788C2183CCB900FA1411 /* StackOverflowResponse.swift */; };
		9185F3FB226CB24D0080D5A9 /* Question.swift in Sources */ = {isa = PBXBuildFile; fileRef = 91165E7B2156680D00546246 /* Question.swift */; };
		9185F3FC226D333E0080D5A9 /* Result.swift in Sources */ = {isa = PBXBuildFile; fileRef = 9131937F2158ADD900958083 /* Result.swift */; };
		9185F3FE22844A180080D5A9 /* MonorailFileViewer.swift in Sources */ = {isa = PBXBuildFile; fileRef = 9185F3FD22844A180080D5A9 /* MonorailFileViewer.swift */; };
		9185F40722867D2A0080D5A9 /* AppCoordinator.swift in Sources */ = {isa = PBXBuildFile; fileRef = 9185F40622867D2A0080D5A9 /* AppCoordinator.swift */; };
		9185F40A2287E2320080D5A9 /* UIViewControllerCreator.swift in Sources */ = {isa = PBXBuildFile; fileRef = 9185F40122865C740080D5A9 /* UIViewControllerCreator.swift */; };
		918E859E228834FE00F5AC05 /* InteractionViewer.swift in Sources */ = {isa = PBXBuildFile; fileRef = 9185F4082287C2040080D5A9 /* InteractionViewer.swift */; };
		91B392C221A9FAFF00C71AEB /* TimeMachine.swift in Sources */ = {isa = PBXBuildFile; fileRef = 91B392C121A9FAFF00C71AEB /* TimeMachine.swift */; };
		91C4C9DC2156632A001F6B7C /* AppDelegate.swift in Sources */ = {isa = PBXBuildFile; fileRef = 91C4C9DB2156632A001F6B7C /* AppDelegate.swift */; };
		91C4C9DE2156632A001F6B7C /* ViewController.swift in Sources */ = {isa = PBXBuildFile; fileRef = 91C4C9DD2156632A001F6B7C /* ViewController.swift */; };
		91C4C9E32156632B001F6B7C /* Assets.xcassets in Resources */ = {isa = PBXBuildFile; fileRef = 91C4C9E22156632B001F6B7C /* Assets.xcassets */; };
		91C4C9E62156632B001F6B7C /* LaunchScreen.storyboard in Resources */ = {isa = PBXBuildFile; fileRef = 91C4C9E42156632B001F6B7C /* LaunchScreen.storyboard */; };
		91C4C9FC2156632B001F6B7C /* MonorailSwiftUITests.swift in Sources */ = {isa = PBXBuildFile; fileRef = 91C4C9FB2156632B001F6B7C /* MonorailSwiftUITests.swift */; };
		91CF88F3216E9694003A351C /* MonorailSwift.framework in Frameworks */ = {isa = PBXBuildFile; fileRef = 91CF88EA216E9693003A351C /* MonorailSwift.framework */; };
		91CF88FA216E9694003A351C /* MonorailSwiftTests.swift in Sources */ = {isa = PBXBuildFile; fileRef = 91CF88F9216E9694003A351C /* MonorailSwiftTests.swift */; };
		91CF88FC216E9694003A351C /* MonorailSwiftSDK.h in Headers */ = {isa = PBXBuildFile; fileRef = 91CF88EC216E9694003A351C /* MonorailSwiftSDK.h */; settings = {ATTRIBUTES = (Public, ); }; };
		91CF88FF216E9694003A351C /* MonorailSwift.framework in Frameworks */ = {isa = PBXBuildFile; fileRef = 91CF88EA216E9693003A351C /* MonorailSwift.framework */; };
		91CF8900216E9694003A351C /* MonorailSwift.framework in Embed Frameworks */ = {isa = PBXBuildFile; fileRef = 91CF88EA216E9693003A351C /* MonorailSwift.framework */; settings = {ATTRIBUTES = (CodeSignOnCopy, RemoveHeadersOnCopy, ); }; };
		91CF8908216E9705003A351C /* APIServiceWriter.swift in Sources */ = {isa = PBXBuildFile; fileRef = 91C4CA0B2156641A001F6B7C /* APIServiceWriter.swift */; };
		91CF890A216E9705003A351C /* APIServiceLogger.swift in Sources */ = {isa = PBXBuildFile; fileRef = 91C4CA0F2156641A001F6B7C /* APIServiceLogger.swift */; };
		91CF890B216E9705003A351C /* APIServiceInterceptor.swift in Sources */ = {isa = PBXBuildFile; fileRef = 91DE3D6E21663006002639E1 /* APIServiceInterceptor.swift */; };
		91CF890C216E9705003A351C /* Monorail.swift in Sources */ = {isa = PBXBuildFile; fileRef = 91DE3D702166306E002639E1 /* Monorail.swift */; };
		91CF890D216E9705003A351C /* Interaction.swift in Sources */ = {isa = PBXBuildFile; fileRef = 91C4CA102156641A001F6B7C /* Interaction.swift */; };
		91CF890E216E9705003A351C /* APIServiceReader.swift in Sources */ = {isa = PBXBuildFile; fileRef = 91C4CA112156641A001F6B7C /* APIServiceReader.swift */; };
		91E57882217DE47900FA1411 /* QuestionViewController.swift in Sources */ = {isa = PBXBuildFile; fileRef = 91E57881217DE47900FA1411 /* QuestionViewController.swift */; };
		91E57884217DE4D500FA1411 /* QuestionView.storyboard in Resources */ = {isa = PBXBuildFile; fileRef = 91E57883217DE4D500FA1411 /* QuestionView.storyboard */; };
		91E5788621830E2000FA1411 /* UserManager.swift in Sources */ = {isa = PBXBuildFile; fileRef = 91E5788521830E2000FA1411 /* UserManager.swift */; };
		91E578892183101C00FA1411 /* AppConfig.swift in Sources */ = {isa = PBXBuildFile; fileRef = 91E578882183101C00FA1411 /* AppConfig.swift */; };
		91E5788B218332FD00FA1411 /* AccessToken.swift in Sources */ = {isa = PBXBuildFile; fileRef = 91E5788A218332FD00FA1411 /* AccessToken.swift */; };
		91E5788D2183CCB900FA1411 /* StackOverflowResponse.swift in Sources */ = {isa = PBXBuildFile; fileRef = 91E5788C2183CCB900FA1411 /* StackOverflowResponse.swift */; };
		F8B8B7EC223722C600FA8F9D /* MonorailSwiftTools.h in Headers */ = {isa = PBXBuildFile; fileRef = F8B8B7EA223722C600FA8F9D /* MonorailSwiftTools.h */; settings = {ATTRIBUTES = (Public, ); }; };
		F8B8B7EF223722C600FA8F9D /* MonorailSwiftTools.framework in Frameworks */ = {isa = PBXBuildFile; fileRef = F8B8B7E8223722C600FA8F9D /* MonorailSwiftTools.framework */; };
		F8B8B7F0223722C600FA8F9D /* MonorailSwiftTools.framework in Embed Frameworks */ = {isa = PBXBuildFile; fileRef = F8B8B7E8223722C600FA8F9D /* MonorailSwiftTools.framework */; settings = {ATTRIBUTES = (CodeSignOnCopy, RemoveHeadersOnCopy, ); }; };
		F8B8B7FA223722EC00FA8F9D /* StubManager.swift in Sources */ = {isa = PBXBuildFile; fileRef = F8B8B7F5223722EC00FA8F9D /* StubManager.swift */; };
		F8B8B7FB223722EC00FA8F9D /* ApiServiceFileListTableViewController.swift in Sources */ = {isa = PBXBuildFile; fileRef = F8B8B7F6223722EC00FA8F9D /* ApiServiceFileListTableViewController.swift */; };
		F8B8B7FC223722EC00FA8F9D /* MonorailActionMenu.swift in Sources */ = {isa = PBXBuildFile; fileRef = F8B8B7F7223722EC00FA8F9D /* MonorailActionMenu.swift */; };
		F8B8B7FE223722EC00FA8F9D /* MonorailMenuTableViewController.swift in Sources */ = {isa = PBXBuildFile; fileRef = F8B8B7F9223722EC00FA8F9D /* MonorailMenuTableViewController.swift */; };
		F8B8B8002237240800FA8F9D /* UITestConfig.swift in Sources */ = {isa = PBXBuildFile; fileRef = F8B8B7FF2237240700FA8F9D /* UITestConfig.swift */; };
		F8EC9ED3226EB51A00CDC945 /* XCTestCaseHelper.swift in Sources */ = {isa = PBXBuildFile; fileRef = F8EC9ED2226EB51A00CDC945 /* XCTestCaseHelper.swift */; };
		F8EC9ED6226EBAE200CDC945 /* StubManager.swift in Sources */ = {isa = PBXBuildFile; fileRef = F8B8B7F5223722EC00FA8F9D /* StubManager.swift */; };
		F8EC9ED7226EC3BC00CDC945 /* Stubs.bundle in Resources */ = {isa = PBXBuildFile; fileRef = F8EC9ED4226EBA5C00CDC945 /* Stubs.bundle */; };
		F8FBF2602362B3DC00342F99 /* SnapshotHelper.swift in Sources */ = {isa = PBXBuildFile; fileRef = F8FBF25E2362B38D00342F99 /* SnapshotHelper.swift */; };
		F8FBF2612362B44D00342F99 /* SnapshotHelper.swift in Sources */ = {isa = PBXBuildFile; fileRef = F8FBF25E2362B38D00342F99 /* SnapshotHelper.swift */; };
/* End PBXBuildFile section */

/* Begin PBXContainerItemProxy section */
		913E98CF21B38193006569E2 /* PBXContainerItemProxy */ = {
			isa = PBXContainerItemProxy;
			containerPortal = 91C4C9D02156632A001F6B7C /* Project object */;
			proxyType = 1;
			remoteGlobalIDString = 91C4C9D72156632A001F6B7C;
			remoteInfo = MonorailSwiftExample;
		};
		9163F03A22506BC700A21BFA /* PBXContainerItemProxy */ = {
			isa = PBXContainerItemProxy;
			containerPortal = 91C4C9D02156632A001F6B7C /* Project object */;
			proxyType = 1;
			remoteGlobalIDString = 91CF88E9216E9693003A351C;
			remoteInfo = MonorailSwift;
		};
		91C4C9ED2156632B001F6B7C /* PBXContainerItemProxy */ = {
			isa = PBXContainerItemProxy;
			containerPortal = 91C4C9D02156632A001F6B7C /* Project object */;
			proxyType = 1;
			remoteGlobalIDString = 91C4C9D72156632A001F6B7C;
			remoteInfo = MonorailSwift;
		};
		91C4C9F82156632B001F6B7C /* PBXContainerItemProxy */ = {
			isa = PBXContainerItemProxy;
			containerPortal = 91C4C9D02156632A001F6B7C /* Project object */;
			proxyType = 1;
			remoteGlobalIDString = 91C4C9D72156632A001F6B7C;
			remoteInfo = MonorailSwift;
		};
		91CF88F4216E9694003A351C /* PBXContainerItemProxy */ = {
			isa = PBXContainerItemProxy;
			containerPortal = 91C4C9D02156632A001F6B7C /* Project object */;
			proxyType = 1;
			remoteGlobalIDString = 91CF88E9216E9693003A351C;
			remoteInfo = MonorailSwiftSDK;
		};
		91CF88FD216E9694003A351C /* PBXContainerItemProxy */ = {
			isa = PBXContainerItemProxy;
			containerPortal = 91C4C9D02156632A001F6B7C /* Project object */;
			proxyType = 1;
			remoteGlobalIDString = 91CF88E9216E9693003A351C;
			remoteInfo = MonorailSwiftSDK;
		};
		F8B8B7ED223722C600FA8F9D /* PBXContainerItemProxy */ = {
			isa = PBXContainerItemProxy;
			containerPortal = 91C4C9D02156632A001F6B7C /* Project object */;
			proxyType = 1;
			remoteGlobalIDString = F8B8B7E7223722C600FA8F9D;
			remoteInfo = MonorailSwiftTools;
		};
/* End PBXContainerItemProxy section */

/* Begin PBXCopyFilesBuildPhase section */
		91CF8906216E9694003A351C /* Embed Frameworks */ = {
			isa = PBXCopyFilesBuildPhase;
			buildActionMask = 2147483647;
			dstPath = "";
			dstSubfolderSpec = 10;
			files = (
				91CF8900216E9694003A351C /* MonorailSwift.framework in Embed Frameworks */,
				F8B8B7F0223722C600FA8F9D /* MonorailSwiftTools.framework in Embed Frameworks */,
			);
			name = "Embed Frameworks";
			runOnlyForDeploymentPostprocessing = 0;
		};
		91E61C10215DC0B7004F0B17 /* CopyFiles */ = {
			isa = PBXCopyFilesBuildPhase;
			buildActionMask = 2147483647;
			dstPath = "";
			dstSubfolderSpec = 10;
			files = (
			);
			runOnlyForDeploymentPostprocessing = 0;
		};
/* End PBXCopyFilesBuildPhase section */

/* Begin PBXFileReference section */
		91165E7B2156680D00546246 /* Question.swift */ = {isa = PBXFileReference; fileEncoding = 4; lastKnownFileType = sourcecode.swift; path = Question.swift; sourceTree = "<group>"; };
		91165E7C2156680D00546246 /* Answer.swift */ = {isa = PBXFileReference; fileEncoding = 4; lastKnownFileType = sourcecode.swift; path = Answer.swift; sourceTree = "<group>"; };
		912048FF22538551004A5E69 /* MonorailTimeMachineTests.swift */ = {isa = PBXFileReference; lastKnownFileType = sourcecode.swift; path = MonorailTimeMachineTests.swift; sourceTree = "<group>"; };
		912278962261A814008C53C7 /* NSDate+TimeMachine.m */ = {isa = PBXFileReference; fileEncoding = 4; lastKnownFileType = sourcecode.c.objc; path = "NSDate+TimeMachine.m"; sourceTree = "<group>"; };
		912278972261A814008C53C7 /* NSDate+TimeMachine.h */ = {isa = PBXFileReference; fileEncoding = 4; lastKnownFileType = sourcecode.c.h; path = "NSDate+TimeMachine.h"; sourceTree = "<group>"; };
		91233C3B218B1E7700CBBFD9 /* ExampleConsumer.swift */ = {isa = PBXFileReference; lastKnownFileType = sourcecode.swift; path = ExampleConsumer.swift; sourceTree = "<group>"; };
		91263CA8218481A7007935A8 /* User.swift */ = {isa = PBXFileReference; lastKnownFileType = sourcecode.swift; path = User.swift; sourceTree = "<group>"; };
		91263CB821856705007935A8 /* StackOverflowApi.swift */ = {isa = PBXFileReference; lastKnownFileType = sourcecode.swift; path = StackOverflowApi.swift; sourceTree = "<group>"; };
		91263CBA2185D66D007935A8 /* AppConfigTests.swift */ = {isa = PBXFileReference; lastKnownFileType = sourcecode.swift; path = AppConfigTests.swift; sourceTree = "<group>"; };
		91263CBC2189C9C5007935A8 /* MyFavoritesTableViewController.swift */ = {isa = PBXFileReference; lastKnownFileType = sourcecode.swift; path = MyFavoritesTableViewController.swift; sourceTree = "<group>"; };
		9131937E2158ADD900958083 /* TinyNetworking.swift */ = {isa = PBXFileReference; fileEncoding = 4; lastKnownFileType = sourcecode.swift; path = TinyNetworking.swift; sourceTree = "<group>"; };
		9131937F2158ADD900958083 /* Result.swift */ = {isa = PBXFileReference; fileEncoding = 4; lastKnownFileType = sourcecode.swift; path = Result.swift; sourceTree = "<group>"; };
		913E98CA21B38193006569E2 /* MonorailSwiftExampleMockUITests.xctest */ = {isa = PBXFileReference; explicitFileType = wrapper.cfbundle; includeInIndex = 0; path = MonorailSwiftExampleMockUITests.xctest; sourceTree = BUILT_PRODUCTS_DIR; };
		913E98CE21B38193006569E2 /* Info.plist */ = {isa = PBXFileReference; lastKnownFileType = text.plist.xml; path = Info.plist; sourceTree = "<group>"; };
		913E98D521B382B6006569E2 /* MockUITest.swift */ = {isa = PBXFileReference; fileEncoding = 4; lastKnownFileType = sourcecode.swift; path = MockUITest.swift; sourceTree = "<group>"; };
		913E98DF21B39367006569E2 /* ShowTime.swift */ = {isa = PBXFileReference; fileEncoding = 4; lastKnownFileType = sourcecode.swift; path = ShowTime.swift; sourceTree = "<group>"; };
		913E98E821B39ED5006569E2 /* LoggerTests.swift */ = {isa = PBXFileReference; lastKnownFileType = sourcecode.swift; path = LoggerTests.swift; sourceTree = "<group>"; };
		913E98EA21B39F5E006569E2 /* ReaderTests.swift */ = {isa = PBXFileReference; lastKnownFileType = sourcecode.swift; path = ReaderTests.swift; sourceTree = "<group>"; };
		91840B2C21B158330016B7B4 /* IntegrationUITest.swift */ = {isa = PBXFileReference; fileEncoding = 4; lastKnownFileType = sourcecode.swift; path = IntegrationUITest.swift; sourceTree = "<group>"; };
		91840B2D21B158330016B7B4 /* AppConfiguration.swift */ = {isa = PBXFileReference; fileEncoding = 4; lastKnownFileType = sourcecode.swift; path = AppConfiguration.swift; sourceTree = "<group>"; };
		91840B2E21B158330016B7B4 /* UITestBase.swift */ = {isa = PBXFileReference; fileEncoding = 4; indentWidth = 2; lastKnownFileType = sourcecode.swift; path = UITestBase.swift; sourceTree = "<group>"; tabWidth = 2; };
		91840B3421B15DDF0016B7B4 /* Springboard.swift */ = {isa = PBXFileReference; fileEncoding = 4; lastKnownFileType = sourcecode.swift; path = Springboard.swift; sourceTree = "<group>"; };
		9185F3F62261CC7D0080D5A9 /* MonorailSwift-Bridging-Header.h */ = {isa = PBXFileReference; lastKnownFileType = sourcecode.c.h; path = "MonorailSwift-Bridging-Header.h"; sourceTree = "<group>"; };
		9185F3FD22844A180080D5A9 /* MonorailFileViewer.swift */ = {isa = PBXFileReference; lastKnownFileType = sourcecode.swift; path = MonorailFileViewer.swift; sourceTree = "<group>"; };
		9185F40122865C740080D5A9 /* UIViewControllerCreator.swift */ = {isa = PBXFileReference; lastKnownFileType = sourcecode.swift; path = UIViewControllerCreator.swift; sourceTree = "<group>"; };
		9185F40622867D2A0080D5A9 /* AppCoordinator.swift */ = {isa = PBXFileReference; lastKnownFileType = sourcecode.swift; path = AppCoordinator.swift; sourceTree = "<group>"; };
		9185F4082287C2040080D5A9 /* InteractionViewer.swift */ = {isa = PBXFileReference; lastKnownFileType = sourcecode.swift; path = InteractionViewer.swift; sourceTree = "<group>"; };
		91B392C121A9FAFF00C71AEB /* TimeMachine.swift */ = {isa = PBXFileReference; lastKnownFileType = sourcecode.swift; path = TimeMachine.swift; sourceTree = "<group>"; };
		91C4C9D82156632A001F6B7C /* MonorailSwiftExample.app */ = {isa = PBXFileReference; explicitFileType = wrapper.application; includeInIndex = 0; path = MonorailSwiftExample.app; sourceTree = BUILT_PRODUCTS_DIR; };
		91C4C9DB2156632A001F6B7C /* AppDelegate.swift */ = {isa = PBXFileReference; lastKnownFileType = sourcecode.swift; path = AppDelegate.swift; sourceTree = "<group>"; };
		91C4C9DD2156632A001F6B7C /* ViewController.swift */ = {isa = PBXFileReference; lastKnownFileType = sourcecode.swift; path = ViewController.swift; sourceTree = "<group>"; };
		91C4C9E22156632B001F6B7C /* Assets.xcassets */ = {isa = PBXFileReference; lastKnownFileType = folder.assetcatalog; path = Assets.xcassets; sourceTree = "<group>"; };
		91C4C9E52156632B001F6B7C /* Base */ = {isa = PBXFileReference; lastKnownFileType = file.storyboard; name = Base; path = Base.lproj/LaunchScreen.storyboard; sourceTree = "<group>"; };
		91C4C9E72156632B001F6B7C /* Info.plist */ = {isa = PBXFileReference; lastKnownFileType = text.plist.xml; path = Info.plist; sourceTree = "<group>"; };
		91C4C9EC2156632B001F6B7C /* MonorailSwiftExampleTests.xctest */ = {isa = PBXFileReference; explicitFileType = wrapper.cfbundle; includeInIndex = 0; path = MonorailSwiftExampleTests.xctest; sourceTree = BUILT_PRODUCTS_DIR; };
		91C4C9F22156632B001F6B7C /* Info.plist */ = {isa = PBXFileReference; lastKnownFileType = text.plist.xml; path = Info.plist; sourceTree = "<group>"; };
		91C4C9F72156632B001F6B7C /* MonorailSwiftExampleUITests.xctest */ = {isa = PBXFileReference; explicitFileType = wrapper.cfbundle; includeInIndex = 0; path = MonorailSwiftExampleUITests.xctest; sourceTree = BUILT_PRODUCTS_DIR; };
		91C4C9FB2156632B001F6B7C /* MonorailSwiftUITests.swift */ = {isa = PBXFileReference; lastKnownFileType = sourcecode.swift; path = MonorailSwiftUITests.swift; sourceTree = "<group>"; };
		91C4C9FD2156632B001F6B7C /* Info.plist */ = {isa = PBXFileReference; lastKnownFileType = text.plist.xml; path = Info.plist; sourceTree = "<group>"; };
		91C4CA0B2156641A001F6B7C /* APIServiceWriter.swift */ = {isa = PBXFileReference; fileEncoding = 4; lastKnownFileType = sourcecode.swift; path = APIServiceWriter.swift; sourceTree = "<group>"; };
		91C4CA0F2156641A001F6B7C /* APIServiceLogger.swift */ = {isa = PBXFileReference; fileEncoding = 4; lastKnownFileType = sourcecode.swift; path = APIServiceLogger.swift; sourceTree = "<group>"; };
		91C4CA102156641A001F6B7C /* Interaction.swift */ = {isa = PBXFileReference; fileEncoding = 4; lastKnownFileType = sourcecode.swift; path = Interaction.swift; sourceTree = "<group>"; };
		91C4CA112156641A001F6B7C /* APIServiceReader.swift */ = {isa = PBXFileReference; fileEncoding = 4; lastKnownFileType = sourcecode.swift; path = APIServiceReader.swift; sourceTree = "<group>"; };
		91CF88EA216E9693003A351C /* MonorailSwift.framework */ = {isa = PBXFileReference; explicitFileType = wrapper.framework; includeInIndex = 0; path = MonorailSwift.framework; sourceTree = BUILT_PRODUCTS_DIR; };
		91CF88EC216E9694003A351C /* MonorailSwiftSDK.h */ = {isa = PBXFileReference; lastKnownFileType = sourcecode.c.h; path = MonorailSwiftSDK.h; sourceTree = "<group>"; };
		91CF88ED216E9694003A351C /* Info.plist */ = {isa = PBXFileReference; lastKnownFileType = text.plist.xml; path = Info.plist; sourceTree = "<group>"; };
		91CF88F2216E9694003A351C /* MonorailSwiftTests.xctest */ = {isa = PBXFileReference; explicitFileType = wrapper.cfbundle; includeInIndex = 0; path = MonorailSwiftTests.xctest; sourceTree = BUILT_PRODUCTS_DIR; };
		91CF88F9216E9694003A351C /* MonorailSwiftTests.swift */ = {isa = PBXFileReference; lastKnownFileType = sourcecode.swift; path = MonorailSwiftTests.swift; sourceTree = "<group>"; };
		91CF88FB216E9694003A351C /* Info.plist */ = {isa = PBXFileReference; lastKnownFileType = text.plist.xml; path = Info.plist; sourceTree = "<group>"; };
		91DE3D6E21663006002639E1 /* APIServiceInterceptor.swift */ = {isa = PBXFileReference; lastKnownFileType = sourcecode.swift; path = APIServiceInterceptor.swift; sourceTree = "<group>"; };
		91DE3D702166306E002639E1 /* Monorail.swift */ = {isa = PBXFileReference; lastKnownFileType = sourcecode.swift; path = Monorail.swift; sourceTree = "<group>"; };
		91E57881217DE47900FA1411 /* QuestionViewController.swift */ = {isa = PBXFileReference; lastKnownFileType = sourcecode.swift; path = QuestionViewController.swift; sourceTree = "<group>"; };
		91E57883217DE4D500FA1411 /* QuestionView.storyboard */ = {isa = PBXFileReference; lastKnownFileType = file.storyboard; path = QuestionView.storyboard; sourceTree = "<group>"; };
		91E5788521830E2000FA1411 /* UserManager.swift */ = {isa = PBXFileReference; lastKnownFileType = sourcecode.swift; path = UserManager.swift; sourceTree = "<group>"; };
		91E578882183101C00FA1411 /* AppConfig.swift */ = {isa = PBXFileReference; lastKnownFileType = sourcecode.swift; path = AppConfig.swift; sourceTree = "<group>"; };
		91E5788A218332FD00FA1411 /* AccessToken.swift */ = {isa = PBXFileReference; lastKnownFileType = sourcecode.swift; path = AccessToken.swift; sourceTree = "<group>"; };
		91E5788C2183CCB900FA1411 /* StackOverflowResponse.swift */ = {isa = PBXFileReference; lastKnownFileType = sourcecode.swift; path = StackOverflowResponse.swift; sourceTree = "<group>"; };
		91E61C09215D8B1C004F0B17 /* Stubs.bundle */ = {isa = PBXFileReference; lastKnownFileType = "wrapper.plug-in"; path = Stubs.bundle; sourceTree = "<group>"; };
		F855ED4A2359114B000A7086 /* Date+TimeMachine.swift */ = {isa = PBXFileReference; lastKnownFileType = sourcecode.swift; path = "Date+TimeMachine.swift"; sourceTree = "<group>"; };
		F8B8B7E8223722C600FA8F9D /* MonorailSwiftTools.framework */ = {isa = PBXFileReference; explicitFileType = wrapper.framework; includeInIndex = 0; path = MonorailSwiftTools.framework; sourceTree = BUILT_PRODUCTS_DIR; };
		F8B8B7EA223722C600FA8F9D /* MonorailSwiftTools.h */ = {isa = PBXFileReference; lastKnownFileType = sourcecode.c.h; path = MonorailSwiftTools.h; sourceTree = "<group>"; };
		F8B8B7EB223722C600FA8F9D /* Info.plist */ = {isa = PBXFileReference; lastKnownFileType = text.plist.xml; path = Info.plist; sourceTree = "<group>"; };
		F8B8B7F5223722EC00FA8F9D /* StubManager.swift */ = {isa = PBXFileReference; fileEncoding = 4; lastKnownFileType = sourcecode.swift; path = StubManager.swift; sourceTree = "<group>"; };
		F8B8B7F6223722EC00FA8F9D /* ApiServiceFileListTableViewController.swift */ = {isa = PBXFileReference; fileEncoding = 4; lastKnownFileType = sourcecode.swift; path = ApiServiceFileListTableViewController.swift; sourceTree = "<group>"; };
		F8B8B7F7223722EC00FA8F9D /* MonorailActionMenu.swift */ = {isa = PBXFileReference; fileEncoding = 4; lastKnownFileType = sourcecode.swift; path = MonorailActionMenu.swift; sourceTree = "<group>"; };
		F8B8B7F9223722EC00FA8F9D /* MonorailMenuTableViewController.swift */ = {isa = PBXFileReference; fileEncoding = 4; lastKnownFileType = sourcecode.swift; path = MonorailMenuTableViewController.swift; sourceTree = "<group>"; };
		F8B8B7FF2237240700FA8F9D /* UITestConfig.swift */ = {isa = PBXFileReference; fileEncoding = 4; lastKnownFileType = sourcecode.swift; path = UITestConfig.swift; sourceTree = "<group>"; };
		F8EC9ED2226EB51A00CDC945 /* XCTestCaseHelper.swift */ = {isa = PBXFileReference; fileEncoding = 4; lastKnownFileType = sourcecode.swift; path = XCTestCaseHelper.swift; sourceTree = "<group>"; };
		F8EC9ED4226EBA5C00CDC945 /* Stubs.bundle */ = {isa = PBXFileReference; lastKnownFileType = "wrapper.plug-in"; path = Stubs.bundle; sourceTree = "<group>"; };
		F8FBF25E2362B38D00342F99 /* SnapshotHelper.swift */ = {isa = PBXFileReference; fileEncoding = 4; lastKnownFileType = sourcecode.swift; name = SnapshotHelper.swift; path = MonorailSwiftExampleUITests/Helper/SnapshotHelper.swift; sourceTree = SOURCE_ROOT; };
/* End PBXFileReference section */

/* Begin PBXFrameworksBuildPhase section */
		913E98C721B38193006569E2 /* Frameworks */ = {
			isa = PBXFrameworksBuildPhase;
			buildActionMask = 2147483647;
			files = (
			);
			runOnlyForDeploymentPostprocessing = 0;
		};
		91C4C9D52156632A001F6B7C /* Frameworks */ = {
			isa = PBXFrameworksBuildPhase;
			buildActionMask = 2147483647;
			files = (
				91CF88FF216E9694003A351C /* MonorailSwift.framework in Frameworks */,
				F8B8B7EF223722C600FA8F9D /* MonorailSwiftTools.framework in Frameworks */,
			);
			runOnlyForDeploymentPostprocessing = 0;
		};
		91C4C9E92156632B001F6B7C /* Frameworks */ = {
			isa = PBXFrameworksBuildPhase;
			buildActionMask = 2147483647;
			files = (
			);
			runOnlyForDeploymentPostprocessing = 0;
		};
		91C4C9F42156632B001F6B7C /* Frameworks */ = {
			isa = PBXFrameworksBuildPhase;
			buildActionMask = 2147483647;
			files = (
			);
			runOnlyForDeploymentPostprocessing = 0;
		};
		91CF88E7216E9693003A351C /* Frameworks */ = {
			isa = PBXFrameworksBuildPhase;
			buildActionMask = 2147483647;
			files = (
			);
			runOnlyForDeploymentPostprocessing = 0;
		};
		91CF88EF216E9694003A351C /* Frameworks */ = {
			isa = PBXFrameworksBuildPhase;
			buildActionMask = 2147483647;
			files = (
				91CF88F3216E9694003A351C /* MonorailSwift.framework in Frameworks */,
			);
			runOnlyForDeploymentPostprocessing = 0;
		};
		F8B8B7E5223722C600FA8F9D /* Frameworks */ = {
			isa = PBXFrameworksBuildPhase;
			buildActionMask = 2147483647;
			files = (
			);
			runOnlyForDeploymentPostprocessing = 0;
		};
/* End PBXFrameworksBuildPhase section */

/* Begin PBXGroup section */
		91165E7A2156680D00546246 /* Model */ = {
			isa = PBXGroup;
			children = (
				91165E7B2156680D00546246 /* Question.swift */,
				91263CA8218481A7007935A8 /* User.swift */,
				91E5788C2183CCB900FA1411 /* StackOverflowResponse.swift */,
				91E5788A218332FD00FA1411 /* AccessToken.swift */,
				91165E7C2156680D00546246 /* Answer.swift */,
			);
			path = Model;
			sourceTree = "<group>";
		};
		9131937D2158ADC600958083 /* Helper */ = {
			isa = PBXGroup;
			children = (
				9185F40122865C740080D5A9 /* UIViewControllerCreator.swift */,
				F8B8B7FF2237240700FA8F9D /* UITestConfig.swift */,
				913E98DF21B39367006569E2 /* ShowTime.swift */,
				91E61C09215D8B1C004F0B17 /* Stubs.bundle */,
				9131937F2158ADD900958083 /* Result.swift */,
				9131937E2158ADD900958083 /* TinyNetworking.swift */,
			);
			path = Helper;
			sourceTree = "<group>";
		};
		913E98CB21B38193006569E2 /* MonorailSwiftExampleMockUITests */ = {
			isa = PBXGroup;
			children = (
				913E98D421B38204006569E2 /* Helper */,
				913E98CE21B38193006569E2 /* Info.plist */,
			);
			path = MonorailSwiftExampleMockUITests;
			sourceTree = "<group>";
		};
		913E98D421B38204006569E2 /* Helper */ = {
			isa = PBXGroup;
			children = (
				913E98D521B382B6006569E2 /* MockUITest.swift */,
			);
			path = Helper;
			sourceTree = "<group>";
		};
		913E98E521B39ABB006569E2 /* Helper */ = {
			isa = PBXGroup;
			children = (
				F8EC9ED4226EBA5C00CDC945 /* Stubs.bundle */,
				F8EC9ED2226EB51A00CDC945 /* XCTestCaseHelper.swift */,
			);
			path = Helper;
			sourceTree = "<group>";
		};
		91840B2B21B158330016B7B4 /* Helper */ = {
			isa = PBXGroup;
			children = (
				F8FBF25E2362B38D00342F99 /* SnapshotHelper.swift */,
				91840B3421B15DDF0016B7B4 /* Springboard.swift */,
				91840B2C21B158330016B7B4 /* IntegrationUITest.swift */,
				91840B2D21B158330016B7B4 /* AppConfiguration.swift */,
				91840B2E21B158330016B7B4 /* UITestBase.swift */,
			);
			path = Helper;
			sourceTree = "<group>";
		};
		9185F40522867D110080D5A9 /* Coordinator */ = {
			isa = PBXGroup;
			children = (
				9185F40622867D2A0080D5A9 /* AppCoordinator.swift */,
			);
			path = Coordinator;
			sourceTree = "<group>";
		};
		91C4C9CF2156632A001F6B7C = {
			isa = PBXGroup;
			children = (
				91C4CA092156641A001F6B7C /* MonorailSwift */,
				91C4C9DA2156632A001F6B7C /* MonorailSwiftExample */,
				91C4C9EF2156632B001F6B7C /* MonorailSwiftExampleTests */,
				913E98CB21B38193006569E2 /* MonorailSwiftExampleMockUITests */,
				91C4C9FA2156632B001F6B7C /* MonorailSwiftExampleUITests */,
				91CF88EB216E9694003A351C /* MonorailSwiftFramework */,
				91CF88F8216E9694003A351C /* MonorailSwiftTests */,
				F8B8B7E9223722C600FA8F9D /* MonorailSwiftTools */,
				91C4C9D92156632A001F6B7C /* Products */,
			);
			indentWidth = 4;
			sourceTree = "<group>";
			tabWidth = 4;
		};
		91C4C9D92156632A001F6B7C /* Products */ = {
			isa = PBXGroup;
			children = (
				91C4C9D82156632A001F6B7C /* MonorailSwiftExample.app */,
				91C4C9EC2156632B001F6B7C /* MonorailSwiftExampleTests.xctest */,
				91C4C9F72156632B001F6B7C /* MonorailSwiftExampleUITests.xctest */,
				91CF88EA216E9693003A351C /* MonorailSwift.framework */,
				91CF88F2216E9694003A351C /* MonorailSwiftTests.xctest */,
				913E98CA21B38193006569E2 /* MonorailSwiftExampleMockUITests.xctest */,
				F8B8B7E8223722C600FA8F9D /* MonorailSwiftTools.framework */,
			);
			name = Products;
			sourceTree = "<group>";
		};
		91C4C9DA2156632A001F6B7C /* MonorailSwiftExample */ = {
			isa = PBXGroup;
			children = (
				9185F40522867D110080D5A9 /* Coordinator */,
				91E5788721830FD700FA1411 /* Manager */,
				9131937D2158ADC600958083 /* Helper */,
				91165E7A2156680D00546246 /* Model */,
				91E57880217DE43800FA1411 /* Views */,
				91C4C9DB2156632A001F6B7C /* AppDelegate.swift */,
				91C4C9DD2156632A001F6B7C /* ViewController.swift */,
				91C4C9E22156632B001F6B7C /* Assets.xcassets */,
				91C4C9E42156632B001F6B7C /* LaunchScreen.storyboard */,
				91C4C9E72156632B001F6B7C /* Info.plist */,
			);
			path = MonorailSwiftExample;
			sourceTree = "<group>";
		};
		91C4C9EF2156632B001F6B7C /* MonorailSwiftExampleTests */ = {
			isa = PBXGroup;
			children = (
				91263CBA2185D66D007935A8 /* AppConfigTests.swift */,
				91C4C9F22156632B001F6B7C /* Info.plist */,
			);
			path = MonorailSwiftExampleTests;
			sourceTree = "<group>";
		};
		91C4C9FA2156632B001F6B7C /* MonorailSwiftExampleUITests */ = {
			isa = PBXGroup;
			children = (
				91840B2B21B158330016B7B4 /* Helper */,
				91C4C9FB2156632B001F6B7C /* MonorailSwiftUITests.swift */,
				91C4C9FD2156632B001F6B7C /* Info.plist */,
			);
			path = MonorailSwiftExampleUITests;
			sourceTree = "<group>";
		};
		91C4CA092156641A001F6B7C /* MonorailSwift */ = {
			isa = PBXGroup;
			children = (
				F8B8B7F4223722EC00FA8F9D /* Helper */,
				91C4CA0A2156641A001F6B7C /* Classes */,
			);
			path = MonorailSwift;
			sourceTree = "<group>";
		};
		91C4CA0A2156641A001F6B7C /* Classes */ = {
			isa = PBXGroup;
			children = (
				91C4CA0B2156641A001F6B7C /* APIServiceWriter.swift */,
				91C4CA0F2156641A001F6B7C /* APIServiceLogger.swift */,
				91B392C121A9FAFF00C71AEB /* TimeMachine.swift */,
				F855ED4A2359114B000A7086 /* Date+TimeMachine.swift */,
				91DE3D6E21663006002639E1 /* APIServiceInterceptor.swift */,
				91DE3D702166306E002639E1 /* Monorail.swift */,
				91C4CA102156641A001F6B7C /* Interaction.swift */,
				91C4CA112156641A001F6B7C /* APIServiceReader.swift */,
				912278972261A814008C53C7 /* NSDate+TimeMachine.h */,
				912278962261A814008C53C7 /* NSDate+TimeMachine.m */,
			);
			path = Classes;
			sourceTree = "<group>";
		};
		91CF88EB216E9694003A351C /* MonorailSwiftFramework */ = {
			isa = PBXGroup;
			children = (
				91CF88EC216E9694003A351C /* MonorailSwiftSDK.h */,
				91CF88ED216E9694003A351C /* Info.plist */,
				9185F3F62261CC7D0080D5A9 /* MonorailSwift-Bridging-Header.h */,
			);
			path = MonorailSwiftFramework;
			sourceTree = "<group>";
		};
		91CF88F8216E9694003A351C /* MonorailSwiftTests */ = {
			isa = PBXGroup;
			children = (
				913E98E521B39ABB006569E2 /* Helper */,
				91CF88F9216E9694003A351C /* MonorailSwiftTests.swift */,
				912048FF22538551004A5E69 /* MonorailTimeMachineTests.swift */,
				913E98EA21B39F5E006569E2 /* ReaderTests.swift */,
				913E98E821B39ED5006569E2 /* LoggerTests.swift */,
				91CF88FB216E9694003A351C /* Info.plist */,
			);
			path = MonorailSwiftTests;
			sourceTree = "<group>";
		};
		91E57880217DE43800FA1411 /* Views */ = {
			isa = PBXGroup;
			children = (
				91E57881217DE47900FA1411 /* QuestionViewController.swift */,
				91263CBC2189C9C5007935A8 /* MyFavoritesTableViewController.swift */,
				91E57883217DE4D500FA1411 /* QuestionView.storyboard */,
			);
			path = Views;
			sourceTree = "<group>";
		};
		91E5788721830FD700FA1411 /* Manager */ = {
			isa = PBXGroup;
			children = (
				91E5788521830E2000FA1411 /* UserManager.swift */,
				91E578882183101C00FA1411 /* AppConfig.swift */,
				91263CB821856705007935A8 /* StackOverflowApi.swift */,
				91233C3B218B1E7700CBBFD9 /* ExampleConsumer.swift */,
			);
			path = Manager;
			sourceTree = "<group>";
		};
		F8B8B7E9223722C600FA8F9D /* MonorailSwiftTools */ = {
			isa = PBXGroup;
			children = (
				F8B8B7EA223722C600FA8F9D /* MonorailSwiftTools.h */,
				F8B8B7EB223722C600FA8F9D /* Info.plist */,
			);
			path = MonorailSwiftTools;
			sourceTree = "<group>";
		};
		F8B8B7F4223722EC00FA8F9D /* Helper */ = {
			isa = PBXGroup;
			children = (
				F8B8B7F5223722EC00FA8F9D /* StubManager.swift */,
				F8B8B7F6223722EC00FA8F9D /* ApiServiceFileListTableViewController.swift */,
				9185F3FD22844A180080D5A9 /* MonorailFileViewer.swift */,
				9185F4082287C2040080D5A9 /* InteractionViewer.swift */,
				F8B8B7F7223722EC00FA8F9D /* MonorailActionMenu.swift */,
				F8B8B7F9223722EC00FA8F9D /* MonorailMenuTableViewController.swift */,
			);
			path = Helper;
			sourceTree = "<group>";
		};
/* End PBXGroup section */

/* Begin PBXHeadersBuildPhase section */
		91CF88E5216E9693003A351C /* Headers */ = {
			isa = PBXHeadersBuildPhase;
			buildActionMask = 2147483647;
			files = (
				91CF88FC216E9694003A351C /* MonorailSwiftSDK.h in Headers */,
				9185F3F72261CC7D0080D5A9 /* MonorailSwift-Bridging-Header.h in Headers */,
				912278992261A814008C53C7 /* NSDate+TimeMachine.h in Headers */,
			);
			runOnlyForDeploymentPostprocessing = 0;
		};
		F8B8B7E3223722C600FA8F9D /* Headers */ = {
			isa = PBXHeadersBuildPhase;
			buildActionMask = 2147483647;
			files = (
				F8B8B7EC223722C600FA8F9D /* MonorailSwiftTools.h in Headers */,
			);
			runOnlyForDeploymentPostprocessing = 0;
		};
/* End PBXHeadersBuildPhase section */

/* Begin PBXNativeTarget section */
		913E98C921B38193006569E2 /* MonorailSwiftExampleMockUITests */ = {
			isa = PBXNativeTarget;
			buildConfigurationList = 913E98D121B38193006569E2 /* Build configuration list for PBXNativeTarget "MonorailSwiftExampleMockUITests" */;
			buildPhases = (
				913E98C621B38193006569E2 /* Sources */,
				913E98C721B38193006569E2 /* Frameworks */,
				913E98C821B38193006569E2 /* Resources */,
			);
			buildRules = (
			);
			dependencies = (
				913E98D021B38193006569E2 /* PBXTargetDependency */,
			);
			name = MonorailSwiftExampleMockUITests;
			productName = MonorailSwiftExampleMockUITests;
			productReference = 913E98CA21B38193006569E2 /* MonorailSwiftExampleMockUITests.xctest */;
			productType = "com.apple.product-type.bundle.ui-testing";
		};
		91C4C9D72156632A001F6B7C /* MonorailSwiftExample */ = {
			isa = PBXNativeTarget;
			buildConfigurationList = 91C4CA002156632B001F6B7C /* Build configuration list for PBXNativeTarget "MonorailSwiftExample" */;
			buildPhases = (
				91C4C9D42156632A001F6B7C /* Sources */,
				91C4C9D52156632A001F6B7C /* Frameworks */,
				91C4C9D62156632A001F6B7C /* Resources */,
				91E61C08215D89ED004F0B17 /* Copy Stubs Bundle to non-release package */,
				91CF8906216E9694003A351C /* Embed Frameworks */,
			);
			buildRules = (
			);
			dependencies = (
				91CF88FE216E9694003A351C /* PBXTargetDependency */,
				F8B8B7EE223722C600FA8F9D /* PBXTargetDependency */,
			);
			name = MonorailSwiftExample;
			productName = MonorailSwift;
			productReference = 91C4C9D82156632A001F6B7C /* MonorailSwiftExample.app */;
			productType = "com.apple.product-type.application";
		};
		91C4C9EB2156632B001F6B7C /* MonorailSwiftExampleTests */ = {
			isa = PBXNativeTarget;
			buildConfigurationList = 91C4CA032156632B001F6B7C /* Build configuration list for PBXNativeTarget "MonorailSwiftExampleTests" */;
			buildPhases = (
				91C4C9E82156632B001F6B7C /* Sources */,
				91C4C9E92156632B001F6B7C /* Frameworks */,
				91C4C9EA2156632B001F6B7C /* Resources */,
				91E61C10215DC0B7004F0B17 /* CopyFiles */,
			);
			buildRules = (
			);
			dependencies = (
				91C4C9EE2156632B001F6B7C /* PBXTargetDependency */,
			);
			name = MonorailSwiftExampleTests;
			productName = MonorailSwiftTests;
			productReference = 91C4C9EC2156632B001F6B7C /* MonorailSwiftExampleTests.xctest */;
			productType = "com.apple.product-type.bundle.unit-test";
		};
		91C4C9F62156632B001F6B7C /* MonorailSwiftExampleUITests */ = {
			isa = PBXNativeTarget;
			buildConfigurationList = 91C4CA062156632B001F6B7C /* Build configuration list for PBXNativeTarget "MonorailSwiftExampleUITests" */;
			buildPhases = (
				91C4C9F32156632B001F6B7C /* Sources */,
				91C4C9F42156632B001F6B7C /* Frameworks */,
				91C4C9F52156632B001F6B7C /* Resources */,
			);
			buildRules = (
			);
			dependencies = (
				91C4C9F92156632B001F6B7C /* PBXTargetDependency */,
			);
			name = MonorailSwiftExampleUITests;
			productName = MonorailSwiftUITests;
			productReference = 91C4C9F72156632B001F6B7C /* MonorailSwiftExampleUITests.xctest */;
			productType = "com.apple.product-type.bundle.ui-testing";
		};
		91CF88E9216E9693003A351C /* MonorailSwift */ = {
			isa = PBXNativeTarget;
			buildConfigurationList = 91CF8905216E9694003A351C /* Build configuration list for PBXNativeTarget "MonorailSwift" */;
			buildPhases = (
				91CF88E5216E9693003A351C /* Headers */,
				91CF88E6216E9693003A351C /* Sources */,
				91CF88E7216E9693003A351C /* Frameworks */,
				91CF88E8216E9693003A351C /* Resources */,
			);
			buildRules = (
			);
			dependencies = (
			);
			name = MonorailSwift;
			productName = MonorailSwiftSDK;
			productReference = 91CF88EA216E9693003A351C /* MonorailSwift.framework */;
			productType = "com.apple.product-type.framework";
		};
		91CF88F1216E9694003A351C /* MonorailSwiftTests */ = {
			isa = PBXNativeTarget;
			buildConfigurationList = 91CF8907216E9694003A351C /* Build configuration list for PBXNativeTarget "MonorailSwiftTests" */;
			buildPhases = (
				91CF88EE216E9694003A351C /* Sources */,
				91CF88EF216E9694003A351C /* Frameworks */,
				91CF88F0216E9694003A351C /* Resources */,
			);
			buildRules = (
			);
			dependencies = (
				91CF88F5216E9694003A351C /* PBXTargetDependency */,
			);
			name = MonorailSwiftTests;
			productName = MonorailSwiftSDKTests;
			productReference = 91CF88F2216E9694003A351C /* MonorailSwiftTests.xctest */;
			productType = "com.apple.product-type.bundle.unit-test";
		};
		F8B8B7E7223722C600FA8F9D /* MonorailSwiftTools */ = {
			isa = PBXNativeTarget;
			buildConfigurationList = F8B8B7F3223722C600FA8F9D /* Build configuration list for PBXNativeTarget "MonorailSwiftTools" */;
			buildPhases = (
				F8B8B7E3223722C600FA8F9D /* Headers */,
				F8B8B7E4223722C600FA8F9D /* Sources */,
				F8B8B7E5223722C600FA8F9D /* Frameworks */,
				F8B8B7E6223722C600FA8F9D /* Resources */,
			);
			buildRules = (
			);
			dependencies = (
				9163F03B22506BC700A21BFA /* PBXTargetDependency */,
			);
			name = MonorailSwiftTools;
			productName = MonorailSwiftTools;
			productReference = F8B8B7E8223722C600FA8F9D /* MonorailSwiftTools.framework */;
			productType = "com.apple.product-type.framework";
		};
/* End PBXNativeTarget section */

/* Begin PBXProject section */
		91C4C9D02156632A001F6B7C /* Project object */ = {
			isa = PBXProject;
			attributes = {
				LastSwiftUpdateCheck = 1000;
				LastUpgradeCheck = 0930;
				ORGANIZATIONNAME = monitolab;
				TargetAttributes = {
					913E98C921B38193006569E2 = {
						CreatedOnToolsVersion = 10.0;
						TestTargetID = 91C4C9D72156632A001F6B7C;
					};
					91C4C9D72156632A001F6B7C = {
						CreatedOnToolsVersion = 9.3;
					};
					91C4C9EB2156632B001F6B7C = {
						CreatedOnToolsVersion = 9.3;
						TestTargetID = 91C4C9D72156632A001F6B7C;
					};
					91C4C9F62156632B001F6B7C = {
						CreatedOnToolsVersion = 9.3;
						TestTargetID = 91C4C9D72156632A001F6B7C;
					};
					91CF88E9216E9693003A351C = {
						CreatedOnToolsVersion = 10.0;
						LastSwiftMigration = 1020;
					};
					91CF88F1216E9694003A351C = {
						CreatedOnToolsVersion = 10.0;
					};
					F8B8B7E7223722C600FA8F9D = {
						CreatedOnToolsVersion = 10.1;
					};
				};
			};
			buildConfigurationList = 91C4C9D32156632A001F6B7C /* Build configuration list for PBXProject "MonorailSwift" */;
			compatibilityVersion = "Xcode 9.3";
			developmentRegion = en;
			hasScannedForEncodings = 0;
			knownRegions = (
				en,
				Base,
			);
			mainGroup = 91C4C9CF2156632A001F6B7C;
			productRefGroup = 91C4C9D92156632A001F6B7C /* Products */;
			projectDirPath = "";
			projectRoot = "";
			targets = (
				91C4C9D72156632A001F6B7C /* MonorailSwiftExample */,
				91C4C9EB2156632B001F6B7C /* MonorailSwiftExampleTests */,
				913E98C921B38193006569E2 /* MonorailSwiftExampleMockUITests */,
				91C4C9F62156632B001F6B7C /* MonorailSwiftExampleUITests */,
				91CF88E9216E9693003A351C /* MonorailSwift */,
				91CF88F1216E9694003A351C /* MonorailSwiftTests */,
				F8B8B7E7223722C600FA8F9D /* MonorailSwiftTools */,
			);
		};
/* End PBXProject section */

/* Begin PBXResourcesBuildPhase section */
		913E98C821B38193006569E2 /* Resources */ = {
			isa = PBXResourcesBuildPhase;
			buildActionMask = 2147483647;
			files = (
			);
			runOnlyForDeploymentPostprocessing = 0;
		};
		91C4C9D62156632A001F6B7C /* Resources */ = {
			isa = PBXResourcesBuildPhase;
			buildActionMask = 2147483647;
			files = (
				91E57884217DE4D500FA1411 /* QuestionView.storyboard in Resources */,
				91C4C9E62156632B001F6B7C /* LaunchScreen.storyboard in Resources */,
				91C4C9E32156632B001F6B7C /* Assets.xcassets in Resources */,
			);
			runOnlyForDeploymentPostprocessing = 0;
		};
		91C4C9EA2156632B001F6B7C /* Resources */ = {
			isa = PBXResourcesBuildPhase;
			buildActionMask = 2147483647;
			files = (
			);
			runOnlyForDeploymentPostprocessing = 0;
		};
		91C4C9F52156632B001F6B7C /* Resources */ = {
			isa = PBXResourcesBuildPhase;
			buildActionMask = 2147483647;
			files = (
			);
			runOnlyForDeploymentPostprocessing = 0;
		};
		91CF88E8216E9693003A351C /* Resources */ = {
			isa = PBXResourcesBuildPhase;
			buildActionMask = 2147483647;
			files = (
			);
			runOnlyForDeploymentPostprocessing = 0;
		};
		91CF88F0216E9694003A351C /* Resources */ = {
			isa = PBXResourcesBuildPhase;
			buildActionMask = 2147483647;
			files = (
				F8EC9ED7226EC3BC00CDC945 /* Stubs.bundle in Resources */,
			);
			runOnlyForDeploymentPostprocessing = 0;
		};
		F8B8B7E6223722C600FA8F9D /* Resources */ = {
			isa = PBXResourcesBuildPhase;
			buildActionMask = 2147483647;
			files = (
			);
			runOnlyForDeploymentPostprocessing = 0;
		};
/* End PBXResourcesBuildPhase section */

/* Begin PBXShellScriptBuildPhase section */
		91E61C08215D89ED004F0B17 /* Copy Stubs Bundle to non-release package */ = {
			isa = PBXShellScriptBuildPhase;
			buildActionMask = 2147483647;
			files = (
			);
			inputPaths = (
			);
			name = "Copy Stubs Bundle to non-release package";
			outputPaths = (
			);
			runOnlyForDeploymentPostprocessing = 0;
			shellPath = /bin/sh;
			shellScript = "if [ \"$CONFIGURATION\" == \"Debug\" ] || [ \"$CONFIGURATION\" == \"Test\" ]; then\ncp -r \"${STUBS_BUNDLE}/\" \"${BUILT_PRODUCTS_DIR}/${PRODUCT_NAME}.app/Stubs.bundle\"\nfi\n";
		};
/* End PBXShellScriptBuildPhase section */

/* Begin PBXSourcesBuildPhase section */
		913E98C621B38193006569E2 /* Sources */ = {
			isa = PBXSourcesBuildPhase;
			buildActionMask = 2147483647;
			files = (
				913E98D921B382C7006569E2 /* AppConfiguration.swift in Sources */,
				913E98DA21B382C7006569E2 /* UITestBase.swift in Sources */,
				913E98D621B382B6006569E2 /* MockUITest.swift in Sources */,
				913E98DB21B382F3006569E2 /* MonorailSwiftUITests.swift in Sources */,
				913E98D721B382C7006569E2 /* Springboard.swift in Sources */,
				F8FBF2612362B44D00342F99 /* SnapshotHelper.swift in Sources */,
			);
			runOnlyForDeploymentPostprocessing = 0;
		};
		91C4C9D42156632A001F6B7C /* Sources */ = {
			isa = PBXSourcesBuildPhase;
			buildActionMask = 2147483647;
			files = (
				91165E7D2156680D00546246 /* Question.swift in Sources */,
				913193802158ADD900958083 /* TinyNetworking.swift in Sources */,
				91C4C9DE2156632A001F6B7C /* ViewController.swift in Sources */,
				91233C3C218B1E7700CBBFD9 /* ExampleConsumer.swift in Sources */,
				913193812158ADD900958083 /* Result.swift in Sources */,
				913E98E021B39367006569E2 /* ShowTime.swift in Sources */,
				91263CA9218481A7007935A8 /* User.swift in Sources */,
				91263CB921856705007935A8 /* StackOverflowApi.swift in Sources */,
				913E98DE21B383FF006569E2 /* AppConfiguration.swift in Sources */,
				9185F40A2287E2320080D5A9 /* UIViewControllerCreator.swift in Sources */,
				91E578892183101C00FA1411 /* AppConfig.swift in Sources */,
				91E5788B218332FD00FA1411 /* AccessToken.swift in Sources */,
				F8B8B8002237240800FA8F9D /* UITestConfig.swift in Sources */,
				91E5788621830E2000FA1411 /* UserManager.swift in Sources */,
				91263CBD2189C9C5007935A8 /* MyFavoritesTableViewController.swift in Sources */,
				91E5788D2183CCB900FA1411 /* StackOverflowResponse.swift in Sources */,
				9185F40722867D2A0080D5A9 /* AppCoordinator.swift in Sources */,
				91165E7E2156680D00546246 /* Answer.swift in Sources */,
				91C4C9DC2156632A001F6B7C /* AppDelegate.swift in Sources */,
				91E57882217DE47900FA1411 /* QuestionViewController.swift in Sources */,
			);
			runOnlyForDeploymentPostprocessing = 0;
		};
		91C4C9E82156632B001F6B7C /* Sources */ = {
			isa = PBXSourcesBuildPhase;
			buildActionMask = 2147483647;
			files = (
				91263CBB2185D66D007935A8 /* AppConfigTests.swift in Sources */,
			);
			runOnlyForDeploymentPostprocessing = 0;
		};
		91C4C9F32156632B001F6B7C /* Sources */ = {
			isa = PBXSourcesBuildPhase;
			buildActionMask = 2147483647;
			files = (
				91840B3121B158330016B7B4 /* UITestBase.swift in Sources */,
				91840B3021B158330016B7B4 /* AppConfiguration.swift in Sources */,
				91840B2F21B158330016B7B4 /* IntegrationUITest.swift in Sources */,
				91C4C9FC2156632B001F6B7C /* MonorailSwiftUITests.swift in Sources */,
				91840B3521B15DDF0016B7B4 /* Springboard.swift in Sources */,
				F8FBF2602362B3DC00342F99 /* SnapshotHelper.swift in Sources */,
			);
			runOnlyForDeploymentPostprocessing = 0;
		};
		91CF88E6216E9693003A351C /* Sources */ = {
			isa = PBXSourcesBuildPhase;
			buildActionMask = 2147483647;
			files = (
				91CF890B216E9705003A351C /* APIServiceInterceptor.swift in Sources */,
				91CF890D216E9705003A351C /* Interaction.swift in Sources */,
				91CF890A216E9705003A351C /* APIServiceLogger.swift in Sources */,
				91CF890E216E9705003A351C /* APIServiceReader.swift in Sources */,
				91CF890C216E9705003A351C /* Monorail.swift in Sources */,
				91CF8908216E9705003A351C /* APIServiceWriter.swift in Sources */,
				912278982261A814008C53C7 /* NSDate+TimeMachine.m in Sources */,
				91B392C221A9FAFF00C71AEB /* TimeMachine.swift in Sources */,
			);
			runOnlyForDeploymentPostprocessing = 0;
		};
		91CF88EE216E9694003A351C /* Sources */ = {
			isa = PBXSourcesBuildPhase;
			buildActionMask = 2147483647;
			files = (
				9185F3FC226D333E0080D5A9 /* Result.swift in Sources */,
				F8EC9ED3226EB51A00CDC945 /* XCTestCaseHelper.swift in Sources */,
				9185F3FB226CB24D0080D5A9 /* Question.swift in Sources */,
				913E98E921B39ED5006569E2 /* LoggerTests.swift in Sources */,
				913E98EB21B39F5E006569E2 /* ReaderTests.swift in Sources */,
				F8EC9ED6226EBAE200CDC945 /* StubManager.swift in Sources */,
				9185F3F9226CB1ED0080D5A9 /* TinyNetworking.swift in Sources */,
				9120490022538551004A5E69 /* MonorailTimeMachineTests.swift in Sources */,
				91CF88FA216E9694003A351C /* MonorailSwiftTests.swift in Sources */,
				9185F3FA226CB2360080D5A9 /* StackOverflowResponse.swift in Sources */,
			);
			runOnlyForDeploymentPostprocessing = 0;
		};
		F8B8B7E4223722C600FA8F9D /* Sources */ = {
			isa = PBXSourcesBuildPhase;
			buildActionMask = 2147483647;
			files = (
				F8B8B7FB223722EC00FA8F9D /* ApiServiceFileListTableViewController.swift in Sources */,
				F8B8B7FE223722EC00FA8F9D /* MonorailMenuTableViewController.swift in Sources */,
				9185F3FE22844A180080D5A9 /* MonorailFileViewer.swift in Sources */,
				918E859E228834FE00F5AC05 /* InteractionViewer.swift in Sources */,
				F8B8B7FC223722EC00FA8F9D /* MonorailActionMenu.swift in Sources */,
				F8B8B7FA223722EC00FA8F9D /* StubManager.swift in Sources */,
			);
			runOnlyForDeploymentPostprocessing = 0;
		};
/* End PBXSourcesBuildPhase section */

/* Begin PBXTargetDependency section */
		913E98D021B38193006569E2 /* PBXTargetDependency */ = {
			isa = PBXTargetDependency;
			target = 91C4C9D72156632A001F6B7C /* MonorailSwiftExample */;
			targetProxy = 913E98CF21B38193006569E2 /* PBXContainerItemProxy */;
		};
		9163F03B22506BC700A21BFA /* PBXTargetDependency */ = {
			isa = PBXTargetDependency;
			target = 91CF88E9216E9693003A351C /* MonorailSwift */;
			targetProxy = 9163F03A22506BC700A21BFA /* PBXContainerItemProxy */;
		};
		91C4C9EE2156632B001F6B7C /* PBXTargetDependency */ = {
			isa = PBXTargetDependency;
			target = 91C4C9D72156632A001F6B7C /* MonorailSwiftExample */;
			targetProxy = 91C4C9ED2156632B001F6B7C /* PBXContainerItemProxy */;
		};
		91C4C9F92156632B001F6B7C /* PBXTargetDependency */ = {
			isa = PBXTargetDependency;
			target = 91C4C9D72156632A001F6B7C /* MonorailSwiftExample */;
			targetProxy = 91C4C9F82156632B001F6B7C /* PBXContainerItemProxy */;
		};
		91CF88F5216E9694003A351C /* PBXTargetDependency */ = {
			isa = PBXTargetDependency;
			target = 91CF88E9216E9693003A351C /* MonorailSwift */;
			targetProxy = 91CF88F4216E9694003A351C /* PBXContainerItemProxy */;
		};
		91CF88FE216E9694003A351C /* PBXTargetDependency */ = {
			isa = PBXTargetDependency;
			target = 91CF88E9216E9693003A351C /* MonorailSwift */;
			targetProxy = 91CF88FD216E9694003A351C /* PBXContainerItemProxy */;
		};
		F8B8B7EE223722C600FA8F9D /* PBXTargetDependency */ = {
			isa = PBXTargetDependency;
			target = F8B8B7E7223722C600FA8F9D /* MonorailSwiftTools */;
			targetProxy = F8B8B7ED223722C600FA8F9D /* PBXContainerItemProxy */;
		};
/* End PBXTargetDependency section */

/* Begin PBXVariantGroup section */
		91C4C9E42156632B001F6B7C /* LaunchScreen.storyboard */ = {
			isa = PBXVariantGroup;
			children = (
				91C4C9E52156632B001F6B7C /* Base */,
			);
			name = LaunchScreen.storyboard;
			sourceTree = "<group>";
		};
/* End PBXVariantGroup section */

/* Begin XCBuildConfiguration section */
		913E98D221B38193006569E2 /* Debug */ = {
			isa = XCBuildConfiguration;
			buildSettings = {
				CODE_SIGN_STYLE = Automatic;
				DEVELOPMENT_TEAM = "";
				INFOPLIST_FILE = MonorailSwiftExampleMockUITests/Info.plist;
				IPHONEOS_DEPLOYMENT_TARGET = 12.0;
				LD_RUNPATH_SEARCH_PATHS = (
					"$(inherited)",
					"@executable_path/Frameworks",
					"@loader_path/Frameworks",
				);
				MTL_ENABLE_DEBUG_INFO = INCLUDE_SOURCE;
				MTL_FAST_MATH = YES;
				PRODUCT_BUNDLE_IDENTIFIER = com.monitolab.MonorailSwiftExampleMockUITests;
				PRODUCT_NAME = "$(TARGET_NAME)";
				SWIFT_VERSION = 4.2;
				TARGETED_DEVICE_FAMILY = "1,2";
				TEST_TARGET_NAME = MonorailSwiftExample;
			};
			name = Debug;
		};
		913E98D321B38193006569E2 /* Release */ = {
			isa = XCBuildConfiguration;
			buildSettings = {
				CODE_SIGN_STYLE = Automatic;
				DEVELOPMENT_TEAM = "";
				INFOPLIST_FILE = MonorailSwiftExampleMockUITests/Info.plist;
				IPHONEOS_DEPLOYMENT_TARGET = 12.0;
				LD_RUNPATH_SEARCH_PATHS = (
					"$(inherited)",
					"@executable_path/Frameworks",
					"@loader_path/Frameworks",
				);
				MTL_FAST_MATH = YES;
				PRODUCT_BUNDLE_IDENTIFIER = com.monitolab.MonorailSwiftExampleMockUITests;
				PRODUCT_NAME = "$(TARGET_NAME)";
				SWIFT_VERSION = 4.2;
				TARGETED_DEVICE_FAMILY = "1,2";
				TEST_TARGET_NAME = MonorailSwiftExample;
			};
			name = Release;
		};
		91C4C9FE2156632B001F6B7C /* Debug */ = {
			isa = XCBuildConfiguration;
			buildSettings = {
				ALWAYS_SEARCH_USER_PATHS = NO;
				CLANG_ANALYZER_NONNULL = YES;
				CLANG_ANALYZER_NUMBER_OBJECT_CONVERSION = YES_AGGRESSIVE;
				CLANG_CXX_LANGUAGE_STANDARD = "gnu++14";
				CLANG_CXX_LIBRARY = "libc++";
				CLANG_ENABLE_MODULES = YES;
				CLANG_ENABLE_OBJC_ARC = YES;
				CLANG_ENABLE_OBJC_WEAK = YES;
				CLANG_WARN_BLOCK_CAPTURE_AUTORELEASING = YES;
				CLANG_WARN_BOOL_CONVERSION = YES;
				CLANG_WARN_COMMA = YES;
				CLANG_WARN_CONSTANT_CONVERSION = YES;
				CLANG_WARN_DEPRECATED_OBJC_IMPLEMENTATIONS = YES;
				CLANG_WARN_DIRECT_OBJC_ISA_USAGE = YES_ERROR;
				CLANG_WARN_DOCUMENTATION_COMMENTS = YES;
				CLANG_WARN_EMPTY_BODY = YES;
				CLANG_WARN_ENUM_CONVERSION = YES;
				CLANG_WARN_INFINITE_RECURSION = YES;
				CLANG_WARN_INT_CONVERSION = YES;
				CLANG_WARN_NON_LITERAL_NULL_CONVERSION = YES;
				CLANG_WARN_OBJC_IMPLICIT_RETAIN_SELF = YES;
				CLANG_WARN_OBJC_LITERAL_CONVERSION = YES;
				CLANG_WARN_OBJC_ROOT_CLASS = YES_ERROR;
				CLANG_WARN_RANGE_LOOP_ANALYSIS = YES;
				CLANG_WARN_STRICT_PROTOTYPES = YES;
				CLANG_WARN_SUSPICIOUS_MOVE = YES;
				CLANG_WARN_UNGUARDED_AVAILABILITY = YES_AGGRESSIVE;
				CLANG_WARN_UNREACHABLE_CODE = YES;
				CLANG_WARN__DUPLICATE_METHOD_MATCH = YES;
				CODE_SIGN_IDENTITY = "iPhone Developer";
				COPY_PHASE_STRIP = NO;
				DEBUG_INFORMATION_FORMAT = dwarf;
				ENABLE_STRICT_OBJC_MSGSEND = YES;
				ENABLE_TESTABILITY = YES;
				GCC_C_LANGUAGE_STANDARD = gnu11;
				GCC_DYNAMIC_NO_PIC = NO;
				GCC_NO_COMMON_BLOCKS = YES;
				GCC_OPTIMIZATION_LEVEL = 0;
				GCC_PREPROCESSOR_DEFINITIONS = (
					"DEBUG=1",
					"$(inherited)",
				);
				GCC_WARN_64_TO_32_BIT_CONVERSION = YES;
				GCC_WARN_ABOUT_RETURN_TYPE = YES_ERROR;
				GCC_WARN_UNDECLARED_SELECTOR = YES;
				GCC_WARN_UNINITIALIZED_AUTOS = YES_AGGRESSIVE;
				GCC_WARN_UNUSED_FUNCTION = YES;
				GCC_WARN_UNUSED_VARIABLE = YES;
				IPHONEOS_DEPLOYMENT_TARGET = 9.0;
				MTL_ENABLE_DEBUG_INFO = YES;
				ONLY_ACTIVE_ARCH = YES;
				SDKROOT = iphoneos;
				SWIFT_ACTIVE_COMPILATION_CONDITIONS = DEBUG;
				SWIFT_OPTIMIZATION_LEVEL = "-Onone";
			};
			name = Debug;
		};
		91C4C9FF2156632B001F6B7C /* Release */ = {
			isa = XCBuildConfiguration;
			buildSettings = {
				ALWAYS_SEARCH_USER_PATHS = NO;
				CLANG_ANALYZER_NONNULL = YES;
				CLANG_ANALYZER_NUMBER_OBJECT_CONVERSION = YES_AGGRESSIVE;
				CLANG_CXX_LANGUAGE_STANDARD = "gnu++14";
				CLANG_CXX_LIBRARY = "libc++";
				CLANG_ENABLE_MODULES = YES;
				CLANG_ENABLE_OBJC_ARC = YES;
				CLANG_ENABLE_OBJC_WEAK = YES;
				CLANG_WARN_BLOCK_CAPTURE_AUTORELEASING = YES;
				CLANG_WARN_BOOL_CONVERSION = YES;
				CLANG_WARN_COMMA = YES;
				CLANG_WARN_CONSTANT_CONVERSION = YES;
				CLANG_WARN_DEPRECATED_OBJC_IMPLEMENTATIONS = YES;
				CLANG_WARN_DIRECT_OBJC_ISA_USAGE = YES_ERROR;
				CLANG_WARN_DOCUMENTATION_COMMENTS = YES;
				CLANG_WARN_EMPTY_BODY = YES;
				CLANG_WARN_ENUM_CONVERSION = YES;
				CLANG_WARN_INFINITE_RECURSION = YES;
				CLANG_WARN_INT_CONVERSION = YES;
				CLANG_WARN_NON_LITERAL_NULL_CONVERSION = YES;
				CLANG_WARN_OBJC_IMPLICIT_RETAIN_SELF = YES;
				CLANG_WARN_OBJC_LITERAL_CONVERSION = YES;
				CLANG_WARN_OBJC_ROOT_CLASS = YES_ERROR;
				CLANG_WARN_RANGE_LOOP_ANALYSIS = YES;
				CLANG_WARN_STRICT_PROTOTYPES = YES;
				CLANG_WARN_SUSPICIOUS_MOVE = YES;
				CLANG_WARN_UNGUARDED_AVAILABILITY = YES_AGGRESSIVE;
				CLANG_WARN_UNREACHABLE_CODE = YES;
				CLANG_WARN__DUPLICATE_METHOD_MATCH = YES;
				CODE_SIGN_IDENTITY = "iPhone Developer";
				COPY_PHASE_STRIP = NO;
				DEBUG_INFORMATION_FORMAT = "dwarf-with-dsym";
				ENABLE_NS_ASSERTIONS = NO;
				ENABLE_STRICT_OBJC_MSGSEND = YES;
				GCC_C_LANGUAGE_STANDARD = gnu11;
				GCC_NO_COMMON_BLOCKS = YES;
				GCC_WARN_64_TO_32_BIT_CONVERSION = YES;
				GCC_WARN_ABOUT_RETURN_TYPE = YES_ERROR;
				GCC_WARN_UNDECLARED_SELECTOR = YES;
				GCC_WARN_UNINITIALIZED_AUTOS = YES_AGGRESSIVE;
				GCC_WARN_UNUSED_FUNCTION = YES;
				GCC_WARN_UNUSED_VARIABLE = YES;
				IPHONEOS_DEPLOYMENT_TARGET = 9.0;
				MTL_ENABLE_DEBUG_INFO = NO;
				SDKROOT = iphoneos;
				SWIFT_COMPILATION_MODE = wholemodule;
				SWIFT_OPTIMIZATION_LEVEL = "-O";
				VALIDATE_PRODUCT = YES;
			};
			name = Release;
		};
		91C4CA012156632B001F6B7C /* Debug */ = {
			isa = XCBuildConfiguration;
			buildSettings = {
				ALWAYS_EMBED_SWIFT_STANDARD_LIBRARIES = YES;
				ASSETCATALOG_COMPILER_APPICON_NAME = AppIcon;
				CODE_SIGN_STYLE = Automatic;
				INFOPLIST_FILE = MonorailSwiftExample/Info.plist;
				IPHONEOS_DEPLOYMENT_TARGET = 11.0;
				LD_RUNPATH_SEARCH_PATHS = (
					"$(inherited)",
					"@executable_path/Frameworks",
				);
				PRODUCT_BUNDLE_IDENTIFIER = com.monitolab.MonorailSwiftExample;
				PRODUCT_NAME = "$(TARGET_NAME)";
				STUBS_BUNDLE = "${PROJECT_DIR}/${PRODUCT_NAME}/Helper/Stubs.bundle";
				SWIFT_VERSION = 4.2;
				TARGETED_DEVICE_FAMILY = "1,2";
			};
			name = Debug;
		};
		91C4CA022156632B001F6B7C /* Release */ = {
			isa = XCBuildConfiguration;
			buildSettings = {
				ALWAYS_EMBED_SWIFT_STANDARD_LIBRARIES = YES;
				ASSETCATALOG_COMPILER_APPICON_NAME = AppIcon;
				CODE_SIGN_STYLE = Automatic;
				INFOPLIST_FILE = MonorailSwiftExample/Info.plist;
				IPHONEOS_DEPLOYMENT_TARGET = 11.0;
				LD_RUNPATH_SEARCH_PATHS = (
					"$(inherited)",
					"@executable_path/Frameworks",
				);
				PRODUCT_BUNDLE_IDENTIFIER = com.monitolab.MonorailSwiftExample;
				PRODUCT_NAME = "$(TARGET_NAME)";
				STUBS_BUNDLE = "";
				SWIFT_VERSION = 4.2;
				TARGETED_DEVICE_FAMILY = "1,2";
			};
			name = Release;
		};
		91C4CA042156632B001F6B7C /* Debug */ = {
			isa = XCBuildConfiguration;
			buildSettings = {
				ALWAYS_EMBED_SWIFT_STANDARD_LIBRARIES = YES;
				BUNDLE_LOADER = "$(TEST_HOST)";
				CODE_SIGN_STYLE = Automatic;
				FRAMEWORK_SEARCH_PATHS = (
					"$(inherited)",
					"$(PROJECT_DIR)/Carthage/Build/iOS",
				);
				INFOPLIST_FILE = MonorailSwiftExampleTests/Info.plist;
				LD_RUNPATH_SEARCH_PATHS = (
					"$(inherited)",
					"@executable_path/Frameworks",
					"@loader_path/Frameworks",
				);
				PRODUCT_BUNDLE_IDENTIFIER = com.monitolab.MonorailSwiftExampleTests;
				PRODUCT_NAME = "$(TARGET_NAME)";
				SWIFT_VERSION = 4.2;
				TARGETED_DEVICE_FAMILY = "1,2";
				TEST_HOST = "$(BUILT_PRODUCTS_DIR)/MonorailSwiftExample.app/MonorailSwiftExample";
			};
			name = Debug;
		};
		91C4CA052156632B001F6B7C /* Release */ = {
			isa = XCBuildConfiguration;
			buildSettings = {
				ALWAYS_EMBED_SWIFT_STANDARD_LIBRARIES = YES;
				BUNDLE_LOADER = "$(TEST_HOST)";
				CODE_SIGN_STYLE = Automatic;
				FRAMEWORK_SEARCH_PATHS = (
					"$(inherited)",
					"$(PROJECT_DIR)/Carthage/Build/iOS",
				);
				INFOPLIST_FILE = MonorailSwiftExampleTests/Info.plist;
				LD_RUNPATH_SEARCH_PATHS = (
					"$(inherited)",
					"@executable_path/Frameworks",
					"@loader_path/Frameworks",
				);
				PRODUCT_BUNDLE_IDENTIFIER = com.monitolab.MonorailSwiftExampleTests;
				PRODUCT_NAME = "$(TARGET_NAME)";
				SWIFT_VERSION = 4.2;
				TARGETED_DEVICE_FAMILY = "1,2";
				TEST_HOST = "$(BUILT_PRODUCTS_DIR)/MonorailSwiftExample.app/MonorailSwiftExample";
			};
			name = Release;
		};
		91C4CA072156632B001F6B7C /* Debug */ = {
			isa = XCBuildConfiguration;
			buildSettings = {
				ALWAYS_EMBED_SWIFT_STANDARD_LIBRARIES = YES;
				CODE_SIGN_STYLE = Automatic;
				INFOPLIST_FILE = MonorailSwiftExampleUITests/Info.plist;
				LD_RUNPATH_SEARCH_PATHS = (
					"$(inherited)",
					"@executable_path/Frameworks",
					"@loader_path/Frameworks",
				);
				PRODUCT_BUNDLE_IDENTIFIER = com.monitolab.MonorailSwiftExampleUITests;
				PRODUCT_NAME = "$(TARGET_NAME)";
				PROVISIONING_PROFILE = "";
				SWIFT_VERSION = 4.2;
				TARGETED_DEVICE_FAMILY = "1,2";
				TEST_TARGET_NAME = MonorailSwiftExample;
			};
			name = Debug;
		};
		91C4CA082156632B001F6B7C /* Release */ = {
			isa = XCBuildConfiguration;
			buildSettings = {
				ALWAYS_EMBED_SWIFT_STANDARD_LIBRARIES = YES;
				CODE_SIGN_STYLE = Automatic;
				INFOPLIST_FILE = MonorailSwiftExampleUITests/Info.plist;
				LD_RUNPATH_SEARCH_PATHS = (
					"$(inherited)",
					"@executable_path/Frameworks",
					"@loader_path/Frameworks",
				);
				PRODUCT_BUNDLE_IDENTIFIER = com.monitolab.MonorailSwiftExampleUITests;
				PRODUCT_NAME = "$(TARGET_NAME)";
				PROVISIONING_PROFILE = "";
				SWIFT_VERSION = 4.2;
				TARGETED_DEVICE_FAMILY = "1,2";
				TEST_TARGET_NAME = MonorailSwiftExample;
			};
			name = Release;
		};
		91CF8901216E9694003A351C /* Debug */ = {
			isa = XCBuildConfiguration;
			buildSettings = {
				CLANG_ENABLE_MODULES = YES;
				CODE_SIGN_IDENTITY = "";
				CODE_SIGN_STYLE = Automatic;
				CURRENT_PROJECT_VERSION = 1;
				DEFINES_MODULE = YES;
				DYLIB_COMPATIBILITY_VERSION = 1;
				DYLIB_CURRENT_VERSION = 1;
				DYLIB_INSTALL_NAME_BASE = "@rpath";
				INFOPLIST_FILE = MonorailSwiftFramework/Info.plist;
				INSTALL_PATH = "$(LOCAL_LIBRARY_DIR)/Frameworks";
				IPHONEOS_DEPLOYMENT_TARGET = 9.0;
				LD_RUNPATH_SEARCH_PATHS = (
					"$(inherited)",
					"@executable_path/Frameworks",
					"@loader_path/Frameworks",
				);
				MTL_ENABLE_DEBUG_INFO = INCLUDE_SOURCE;
				MTL_FAST_MATH = YES;
				PRODUCT_BUNDLE_IDENTIFIER = com.monitolab.MonorailSwiftSDK;
				PRODUCT_NAME = "$(TARGET_NAME:c99extidentifier)";
				SKIP_INSTALL = YES;
				SWIFT_OBJC_BRIDGING_HEADER = "$(SRCROOT)/MonorailSwiftFramework/MonorailSwift-Bridging-Header.h";
				SWIFT_OPTIMIZATION_LEVEL = "-Onone";
				SWIFT_VERSION = 4.2;
				TARGETED_DEVICE_FAMILY = "1,2";
				VERSIONING_SYSTEM = "apple-generic";
				VERSION_INFO_PREFIX = "";
			};
			name = Debug;
		};
		91CF8902216E9694003A351C /* Release */ = {
			isa = XCBuildConfiguration;
			buildSettings = {
				CLANG_ENABLE_MODULES = YES;
				CODE_SIGN_IDENTITY = "";
				CODE_SIGN_STYLE = Automatic;
				CURRENT_PROJECT_VERSION = 1;
				DEFINES_MODULE = YES;
				DYLIB_COMPATIBILITY_VERSION = 1;
				DYLIB_CURRENT_VERSION = 1;
				DYLIB_INSTALL_NAME_BASE = "@rpath";
				INFOPLIST_FILE = MonorailSwiftFramework/Info.plist;
				INSTALL_PATH = "$(LOCAL_LIBRARY_DIR)/Frameworks";
				IPHONEOS_DEPLOYMENT_TARGET = 9.0;
				LD_RUNPATH_SEARCH_PATHS = (
					"$(inherited)",
					"@executable_path/Frameworks",
					"@loader_path/Frameworks",
				);
				MTL_FAST_MATH = YES;
				PRODUCT_BUNDLE_IDENTIFIER = com.monitolab.MonorailSwiftSDK;
				PRODUCT_NAME = "$(TARGET_NAME:c99extidentifier)";
				SKIP_INSTALL = YES;
				SWIFT_OBJC_BRIDGING_HEADER = "$(SRCROOT)/MonorailSwiftFramework/MonorailSwift-Bridging-Header.h";
				SWIFT_VERSION = 4.2;
				TARGETED_DEVICE_FAMILY = "1,2";
				VERSIONING_SYSTEM = "apple-generic";
				VERSION_INFO_PREFIX = "";
			};
			name = Release;
		};
		91CF8903216E9694003A351C /* Debug */ = {
			isa = XCBuildConfiguration;
			buildSettings = {
				ALWAYS_EMBED_SWIFT_STANDARD_LIBRARIES = YES;
				CODE_SIGN_STYLE = Automatic;
				DEVELOPMENT_TEAM = 468VBX7W2W;
				FRAMEWORK_SEARCH_PATHS = "";
				INFOPLIST_FILE = MonorailSwiftTests/Info.plist;
				IPHONEOS_DEPLOYMENT_TARGET = 9.0;
				LD_RUNPATH_SEARCH_PATHS = (
					"$(inherited)",
					"@executable_path/Frameworks",
					"@loader_path/Frameworks",
					"$(FRAMEWORK_SEARCH_PATHS)",
				);
				MTL_ENABLE_DEBUG_INFO = INCLUDE_SOURCE;
				MTL_FAST_MATH = YES;
				PRODUCT_BUNDLE_IDENTIFIER = com.monitolab.MonorailSwiftTests;
				PRODUCT_NAME = "$(TARGET_NAME)";
				SWIFT_VERSION = 4.2;
				TARGETED_DEVICE_FAMILY = "1,2";
			};
			name = Debug;
		};
		91CF8904216E9694003A351C /* Release */ = {
			isa = XCBuildConfiguration;
			buildSettings = {
				ALWAYS_EMBED_SWIFT_STANDARD_LIBRARIES = YES;
				CODE_SIGN_STYLE = Automatic;
				DEVELOPMENT_TEAM = 468VBX7W2W;
				FRAMEWORK_SEARCH_PATHS = "";
				INFOPLIST_FILE = MonorailSwiftTests/Info.plist;
				IPHONEOS_DEPLOYMENT_TARGET = 9.0;
				LD_RUNPATH_SEARCH_PATHS = (
					"$(inherited)",
					"@executable_path/Frameworks",
					"@loader_path/Frameworks",
					"$(FRAMEWORK_SEARCH_PATHS)",
				);
				MTL_FAST_MATH = YES;
				PRODUCT_BUNDLE_IDENTIFIER = com.monitolab.MonorailSwiftTests;
				PRODUCT_NAME = "$(TARGET_NAME)";
				SWIFT_VERSION = 4.2;
				TARGETED_DEVICE_FAMILY = "1,2";
			};
			name = Release;
		};
		F8B8B7F1223722C600FA8F9D /* Debug */ = {
			isa = XCBuildConfiguration;
			buildSettings = {
				CODE_SIGN_IDENTITY = "";
				CODE_SIGN_STYLE = Automatic;
				CURRENT_PROJECT_VERSION = 1;
				DEFINES_MODULE = YES;
				DYLIB_COMPATIBILITY_VERSION = 1;
				DYLIB_CURRENT_VERSION = 1;
				DYLIB_INSTALL_NAME_BASE = "@rpath";
				INFOPLIST_FILE = MonorailSwiftTools/Info.plist;
				INSTALL_PATH = "$(LOCAL_LIBRARY_DIR)/Frameworks";
				IPHONEOS_DEPLOYMENT_TARGET = 9.0;
				LD_RUNPATH_SEARCH_PATHS = (
					"$(inherited)",
					"@executable_path/Frameworks",
					"@loader_path/Frameworks",
				);
				MTL_ENABLE_DEBUG_INFO = INCLUDE_SOURCE;
				MTL_FAST_MATH = YES;
				PRODUCT_BUNDLE_IDENTIFIER = com.monitolab.MonorailSwiftSDK.MonorailSwiftTools;
				PRODUCT_NAME = "$(TARGET_NAME:c99extidentifier)";
				SKIP_INSTALL = YES;
				SWIFT_VERSION = 4.2;
				TARGETED_DEVICE_FAMILY = "1,2";
				VERSIONING_SYSTEM = "apple-generic";
				VERSION_INFO_PREFIX = "";
			};
			name = Debug;
		};
		F8B8B7F2223722C600FA8F9D /* Release */ = {
			isa = XCBuildConfiguration;
			buildSettings = {
				CODE_SIGN_IDENTITY = "";
				CODE_SIGN_STYLE = Automatic;
				CURRENT_PROJECT_VERSION = 1;
				DEFINES_MODULE = YES;
				DYLIB_COMPATIBILITY_VERSION = 1;
				DYLIB_CURRENT_VERSION = 1;
				DYLIB_INSTALL_NAME_BASE = "@rpath";
				INFOPLIST_FILE = MonorailSwiftTools/Info.plist;
				INSTALL_PATH = "$(LOCAL_LIBRARY_DIR)/Frameworks";
				IPHONEOS_DEPLOYMENT_TARGET = 9.0;
				LD_RUNPATH_SEARCH_PATHS = (
					"$(inherited)",
					"@executable_path/Frameworks",
					"@loader_path/Frameworks",
				);
				MTL_FAST_MATH = YES;
				PRODUCT_BUNDLE_IDENTIFIER = com.monitolab.MonorailSwiftSDK.MonorailSwiftTools;
				PRODUCT_NAME = "$(TARGET_NAME:c99extidentifier)";
				SKIP_INSTALL = YES;
				SWIFT_VERSION = 4.2;
				TARGETED_DEVICE_FAMILY = "1,2";
				VERSIONING_SYSTEM = "apple-generic";
				VERSION_INFO_PREFIX = "";
			};
			name = Release;
		};
/* End XCBuildConfiguration section */

/* Begin XCConfigurationList section */
		913E98D121B38193006569E2 /* Build configuration list for PBXNativeTarget "MonorailSwiftExampleMockUITests" */ = {
			isa = XCConfigurationList;
			buildConfigurations = (
				913E98D221B38193006569E2 /* Debug */,
				913E98D321B38193006569E2 /* Release */,
			);
			defaultConfigurationIsVisible = 0;
			defaultConfigurationName = Release;
		};
		91C4C9D32156632A001F6B7C /* Build configuration list for PBXProject "MonorailSwift" */ = {
			isa = XCConfigurationList;
			buildConfigurations = (
				91C4C9FE2156632B001F6B7C /* Debug */,
				91C4C9FF2156632B001F6B7C /* Release */,
			);
			defaultConfigurationIsVisible = 0;
			defaultConfigurationName = Release;
		};
		91C4CA002156632B001F6B7C /* Build configuration list for PBXNativeTarget "MonorailSwiftExample" */ = {
			isa = XCConfigurationList;
			buildConfigurations = (
				91C4CA012156632B001F6B7C /* Debug */,
				91C4CA022156632B001F6B7C /* Release */,
			);
			defaultConfigurationIsVisible = 0;
			defaultConfigurationName = Release;
		};
		91C4CA032156632B001F6B7C /* Build configuration list for PBXNativeTarget "MonorailSwiftExampleTests" */ = {
			isa = XCConfigurationList;
			buildConfigurations = (
				91C4CA042156632B001F6B7C /* Debug */,
				91C4CA052156632B001F6B7C /* Release */,
			);
			defaultConfigurationIsVisible = 0;
			defaultConfigurationName = Release;
		};
		91C4CA062156632B001F6B7C /* Build configuration list for PBXNativeTarget "MonorailSwiftExampleUITests" */ = {
			isa = XCConfigurationList;
			buildConfigurations = (
				91C4CA072156632B001F6B7C /* Debug */,
				91C4CA082156632B001F6B7C /* Release */,
			);
			defaultConfigurationIsVisible = 0;
			defaultConfigurationName = Release;
		};
		91CF8905216E9694003A351C /* Build configuration list for PBXNativeTarget "MonorailSwift" */ = {
			isa = XCConfigurationList;
			buildConfigurations = (
				91CF8901216E9694003A351C /* Debug */,
				91CF8902216E9694003A351C /* Release */,
			);
			defaultConfigurationIsVisible = 0;
			defaultConfigurationName = Release;
		};
		91CF8907216E9694003A351C /* Build configuration list for PBXNativeTarget "MonorailSwiftTests" */ = {
			isa = XCConfigurationList;
			buildConfigurations = (
				91CF8903216E9694003A351C /* Debug */,
				91CF8904216E9694003A351C /* Release */,
			);
			defaultConfigurationIsVisible = 0;
			defaultConfigurationName = Release;
		};
		F8B8B7F3223722C600FA8F9D /* Build configuration list for PBXNativeTarget "MonorailSwiftTools" */ = {
			isa = XCConfigurationList;
			buildConfigurations = (
				F8B8B7F1223722C600FA8F9D /* Debug */,
				F8B8B7F2223722C600FA8F9D /* Release */,
			);
			defaultConfigurationIsVisible = 0;
			defaultConfigurationName = Release;
		};
/* End XCConfigurationList section */
	};
	rootObject = 91C4C9D02156632A001F6B7C /* Project object */;
}
